
Microsoft Visual Studio Solution File, Format Version 12.00
# Visual Studio Version 17
VisualStudioVersion = 17.1.32328.378
MinimumVisualStudioVersion = 10.0.40219.1
Project("{FAE04EC0-301F-11D3-BF4B-00C04F79EFBC}") = "ArtDecorASP", "ArtDecorASP\ArtDecorASP.csproj", "{99A1AE00-FBB0-4914-87D3-A633A6981D2C}"
EndProject
Global
	GlobalSection(SolutionConfigurationPlatforms) = preSolution
		Debug|Any CPU = Debug|Any CPU
		Release|Any CPU = Release|Any CPU
	EndGlobalSection
	GlobalSection(ProjectConfigurationPlatforms) = postSolution
		{99A1AE00-FBB0-4914-87D3-A633A6981D2C}.Debug|Any CPU.ActiveCfg = Debug|Any CPU
		{99A1AE00-FBB0-4914-87D3-A633A6981D2C}.Debug|Any CPU.Build.0 = Debug|Any CPU
		{99A1AE00-FBB0-4914-87D3-A633A6981D2C}.Release|Any CPU.ActiveCfg = Release|Any CPU
		{99A1AE00-FBB0-4914-87D3-A633A6981D2C}.Release|Any CPU.Build.0 = Release|Any CPU
	EndGlobalSection
	GlobalSection(SolutionProperties) = preSolution
		HideSolutionNode = FALSE
	EndGlobalSection
	GlobalSection(ExtensibilityGlobals) = postSolution
		SolutionGuid = {053CD283-170A-4055-9DF4-6708433FB2FE}
	EndGlobalSection
EndGlobal
